
Microsoft Visual Studio Solution File, Format Version 12.00
# Visual Studio 15
Project("{FAE04EC0-301F-11D3-BF4B-00C04F79EFBC}") = "VisualNovel1", "VisualNovel1.csproj", "{40E67D66-4ED0-2C06-58EC-2C9D306E9BCE}"
EndProject
Project("{FAE04EC0-301F-11D3-BF4B-00C04F79EFBC}") = "VisualNovel1.Editor", "VisualNovel1.Editor.csproj", "{DC69401B-C407-7456-32E7-ECA3E7799006}"
EndProject
Global
	GlobalSection(SolutionConfigurationPlatforms) = preSolution
		Debug|Any CPU = Debug|Any CPU
		Release|Any CPU = Release|Any CPU
	EndGlobalSection
	GlobalSection(ProjectConfigurationPlatforms) = postSolution
		{40E67D66-4ED0-2C06-58EC-2C9D306E9BCE}.Debug|Any CPU.ActiveCfg = Debug|Any CPU
		{40E67D66-4ED0-2C06-58EC-2C9D306E9BCE}.Debug|Any CPU.Build.0 = Debug|Any CPU
		{40E67D66-4ED0-2C06-58EC-2C9D306E9BCE}.Release|Any CPU.ActiveCfg = Release|Any CPU
		{40E67D66-4ED0-2C06-58EC-2C9D306E9BCE}.Release|Any CPU.Build.0 = Release|Any CPU
		{DC69401B-C407-7456-32E7-ECA3E7799006}.Debug|Any CPU.ActiveCfg = Debug|Any CPU
		{DC69401B-C407-7456-32E7-ECA3E7799006}.Debug|Any CPU.Build.0 = Debug|Any CPU
		{DC69401B-C407-7456-32E7-ECA3E7799006}.Release|Any CPU.ActiveCfg = Release|Any CPU
		{DC69401B-C407-7456-32E7-ECA3E7799006}.Release|Any CPU.Build.0 = Release|Any CPU
	EndGlobalSection
	GlobalSection(SolutionProperties) = preSolution
		HideSolutionNode = FALSE
	EndGlobalSection
EndGlobal
